// !$*UTF8*$!
{
	archiveVersion = 1;
	classes = {
	};
	objectVersion = 51;
	objects = {

/* Begin PBXBuildFile section */
		27499E272438ADE2001C799A /* OperationChain.swift in Sources */ = {isa = PBXBuildFile; fileRef = 27499E262438ADE2001C799A /* OperationChain.swift */; };
		27499E552438AF4F001C799A /* ResultStateObservable.swift in Sources */ = {isa = PBXBuildFile; fileRef = 27499E542438AF4F001C799A /* ResultStateObservable.swift */; };
		27499E572438B2AD001C799A /* OperationChainTests.swift in Sources */ = {isa = PBXBuildFile; fileRef = 27499E562438B2AD001C799A /* OperationChainTests.swift */; };
		275F50F7242B5B3500687AC7 /* HistoryZipTests.swift in Sources */ = {isa = PBXBuildFile; fileRef = 275F50F6242B5B3500687AC7 /* HistoryZipTests.swift */; };
		27674043243F1BDF001FCF27 /* ObserveOnTests.swift in Sources */ = {isa = PBXBuildFile; fileRef = 27674042243F1BDF001FCF27 /* ObserveOnTests.swift */; };
		27674048243F5ABF001FCF27 /* DisposableTests.swift in Sources */ = {isa = PBXBuildFile; fileRef = 27674047243F5ABF001FCF27 /* DisposableTests.swift */; };
		2768ED5D2428BF920040D789 /* NumberSection.swift in Sources */ = {isa = PBXBuildFile; fileRef = 2768ED5C2428BF920040D789 /* NumberSection.swift */; };
		2768ED5F2428BFC20040D789 /* Randomizer.swift in Sources */ = {isa = PBXBuildFile; fileRef = 2768ED5E2428BFC20040D789 /* Randomizer.swift */; };
		2768ED752428C0A30040D789 /* Example1_CustomizationUsingTableViewDelegate.swift in Sources */ = {isa = PBXBuildFile; fileRef = 2768ED612428C0A30040D789 /* Example1_CustomizationUsingTableViewDelegate.swift */; };
		2768ED762428C0A30040D789 /* Example3_TableViewEditing.swift in Sources */ = {isa = PBXBuildFile; fileRef = 2768ED622428C0A30040D789 /* Example3_TableViewEditing.swift */; };
		2768ED772428C0A30040D789 /* Example2_RandomizedSectionsAnimation.swift in Sources */ = {isa = PBXBuildFile; fileRef = 2768ED632428C0A30040D789 /* Example2_RandomizedSectionsAnimation.swift */; };
		2768ED7A2428C0A30040D789 /* RxDataSources.storyboard in Resources */ = {isa = PBXBuildFile; fileRef = 2768ED672428C0A30040D789 /* RxDataSources.storyboard */; };
		2768ED7E2428C0A30040D789 /* ImageTitleTableViewCell.swift in Sources */ = {isa = PBXBuildFile; fileRef = 2768ED6E2428C0A30040D789 /* ImageTitleTableViewCell.swift */; };
		2768ED7F2428C0A30040D789 /* UIKitExtensions.swift in Sources */ = {isa = PBXBuildFile; fileRef = 2768ED6F2428C0A30040D789 /* UIKitExtensions.swift */; };
		2768ED802428C0A30040D789 /* TitleSteperTableViewCell.swift in Sources */ = {isa = PBXBuildFile; fileRef = 2768ED702428C0A30040D789 /* TitleSteperTableViewCell.swift */; };
		2768ED812428C0A30040D789 /* TitleSwitchTableViewCell.swift in Sources */ = {isa = PBXBuildFile; fileRef = 2768ED712428C0A30040D789 /* TitleSwitchTableViewCell.swift */; };
		2768ED822428C0A30040D789 /* Example4_DifferentSectionAndItemTypes.swift in Sources */ = {isa = PBXBuildFile; fileRef = 2768ED722428C0A30040D789 /* Example4_DifferentSectionAndItemTypes.swift */; };
		2768ED842428C0A30040D789 /* Example5_UIPickerView.swift in Sources */ = {isa = PBXBuildFile; fileRef = 2768ED742428C0A30040D789 /* Example5_UIPickerView.swift */; };
		279447D7243F5CEA00B42436 /* SingleTests.swift in Sources */ = {isa = PBXBuildFile; fileRef = 279447D6243F5CEA00B42436 /* SingleTests.swift */; };
		27CC7938242AB74E00F2D1A8 /* SignalToSignalTests.swift in Sources */ = {isa = PBXBuildFile; fileRef = 27CC7937242AB74E00F2D1A8 /* SignalToSignalTests.swift */; };
		27CC948D24320C210004A127 /* PublishSubjectTests.swift in Sources */ = {isa = PBXBuildFile; fileRef = 27CC948C24320C210004A127 /* PublishSubjectTests.swift */; };
		27E773EA241ABFA0001DC736 /* AppDelegate.swift in Sources */ = {isa = PBXBuildFile; fileRef = 27E773E9241ABFA0001DC736 /* AppDelegate.swift */; };
		27E773EC241ABFA0001DC736 /* SceneDelegate.swift in Sources */ = {isa = PBXBuildFile; fileRef = 27E773EB241ABFA0001DC736 /* SceneDelegate.swift */; };
		27E773EE241ABFA0001DC736 /* ViewController.swift in Sources */ = {isa = PBXBuildFile; fileRef = 27E773ED241ABFA0001DC736 /* ViewController.swift */; };
		27E773F1241ABFA0001DC736 /* Main.storyboard in Resources */ = {isa = PBXBuildFile; fileRef = 27E773EF241ABFA0001DC736 /* Main.storyboard */; };
		27E773F3241ABFA1001DC736 /* Assets.xcassets in Resources */ = {isa = PBXBuildFile; fileRef = 27E773F2241ABFA1001DC736 /* Assets.xcassets */; };
		27E773F6241ABFA1001DC736 /* LaunchScreen.storyboard in Resources */ = {isa = PBXBuildFile; fileRef = 27E773F4241ABFA1001DC736 /* LaunchScreen.storyboard */; };
		27F85538244F1EFB00A9223A /* Activity.swift in Sources */ = {isa = PBXBuildFile; fileRef = 27F85537244F1EFB00A9223A /* Activity.swift */; };
		27F85589244F3C5200A9223A /* ObservableType+Result.swift in Sources */ = {isa = PBXBuildFile; fileRef = 27F85588244F3C5200A9223A /* ObservableType+Result.swift */; };
		27F8558B244F3CC700A9223A /* ObservableToResultTests.swift in Sources */ = {isa = PBXBuildFile; fileRef = 27F8558A244F3CC700A9223A /* ObservableToResultTests.swift */; };
		9F707982499C12F0C000024E /* Pods_RxFun.framework in Frameworks */ = {isa = PBXBuildFile; fileRef = 744710EA1F9DC52D5B120A77 /* Pods_RxFun.framework */; };
		B6A8F19F982A20E56422AE0D /* Pods_RxFunTests.framework in Frameworks */ = {isa = PBXBuildFile; fileRef = 2F963462A3966309DB78A868 /* Pods_RxFunTests.framework */; };
/* End PBXBuildFile section */

/* Begin PBXContainerItemProxy section */
		27E773FD241ABFA1001DC736 /* PBXContainerItemProxy */ = {
			isa = PBXContainerItemProxy;
			containerPortal = 27E773DE241ABFA0001DC736 /* Project object */;
			proxyType = 1;
			remoteGlobalIDString = 27E773E5241ABFA0001DC736;
			remoteInfo = RxFun;
		};
/* End PBXContainerItemProxy section */

/* Begin PBXFileReference section */
		07C8B18E7DF69EE2148BE602 /* Pods-RxFunTests.release.xcconfig */ = {isa = PBXFileReference; includeInIndex = 1; lastKnownFileType = text.xcconfig; name = "Pods-RxFunTests.release.xcconfig"; path = "Target Support Files/Pods-RxFunTests/Pods-RxFunTests.release.xcconfig"; sourceTree = "<group>"; };
		27499E262438ADE2001C799A /* OperationChain.swift */ = {isa = PBXFileReference; lastKnownFileType = sourcecode.swift; path = OperationChain.swift; sourceTree = "<group>"; };
		27499E542438AF4F001C799A /* ResultStateObservable.swift */ = {isa = PBXFileReference; lastKnownFileType = sourcecode.swift; path = ResultStateObservable.swift; sourceTree = "<group>"; };
		27499E562438B2AD001C799A /* OperationChainTests.swift */ = {isa = PBXFileReference; lastKnownFileType = sourcecode.swift; path = OperationChainTests.swift; sourceTree = "<group>"; };
		275F50F6242B5B3500687AC7 /* HistoryZipTests.swift */ = {isa = PBXFileReference; lastKnownFileType = sourcecode.swift; path = HistoryZipTests.swift; sourceTree = "<group>"; };
		27674042243F1BDF001FCF27 /* ObserveOnTests.swift */ = {isa = PBXFileReference; lastKnownFileType = sourcecode.swift; path = ObserveOnTests.swift; sourceTree = "<group>"; };
		27674047243F5ABF001FCF27 /* DisposableTests.swift */ = {isa = PBXFileReference; lastKnownFileType = sourcecode.swift; path = DisposableTests.swift; sourceTree = "<group>"; };
		2768ED5C2428BF920040D789 /* NumberSection.swift */ = {isa = PBXFileReference; lastKnownFileType = sourcecode.swift; path = NumberSection.swift; sourceTree = "<group>"; };
		2768ED5E2428BFC20040D789 /* Randomizer.swift */ = {isa = PBXFileReference; lastKnownFileType = sourcecode.swift; path = Randomizer.swift; sourceTree = "<group>"; };
		2768ED612428C0A30040D789 /* Example1_CustomizationUsingTableViewDelegate.swift */ = {isa = PBXFileReference; fileEncoding = 4; lastKnownFileType = sourcecode.swift; path = Example1_CustomizationUsingTableViewDelegate.swift; sourceTree = "<group>"; };
		2768ED622428C0A30040D789 /* Example3_TableViewEditing.swift */ = {isa = PBXFileReference; fileEncoding = 4; lastKnownFileType = sourcecode.swift; path = Example3_TableViewEditing.swift; sourceTree = "<group>"; };
		2768ED632428C0A30040D789 /* Example2_RandomizedSectionsAnimation.swift */ = {isa = PBXFileReference; fileEncoding = 4; lastKnownFileType = sourcecode.swift; path = Example2_RandomizedSectionsAnimation.swift; sourceTree = "<group>"; };
		2768ED682428C0A30040D789 /* Base */ = {isa = PBXFileReference; lastKnownFileType = file.storyboard; name = Base; path = Base.lproj/RxDataSources.storyboard; sourceTree = "<group>"; };
		2768ED6E2428C0A30040D789 /* ImageTitleTableViewCell.swift */ = {isa = PBXFileReference; fileEncoding = 4; lastKnownFileType = sourcecode.swift; path = ImageTitleTableViewCell.swift; sourceTree = "<group>"; };
		2768ED6F2428C0A30040D789 /* UIKitExtensions.swift */ = {isa = PBXFileReference; fileEncoding = 4; lastKnownFileType = sourcecode.swift; path = UIKitExtensions.swift; sourceTree = "<group>"; };
		2768ED702428C0A30040D789 /* TitleSteperTableViewCell.swift */ = {isa = PBXFileReference; fileEncoding = 4; lastKnownFileType = sourcecode.swift; path = TitleSteperTableViewCell.swift; sourceTree = "<group>"; };
		2768ED712428C0A30040D789 /* TitleSwitchTableViewCell.swift */ = {isa = PBXFileReference; fileEncoding = 4; lastKnownFileType = sourcecode.swift; path = TitleSwitchTableViewCell.swift; sourceTree = "<group>"; };
		2768ED722428C0A30040D789 /* Example4_DifferentSectionAndItemTypes.swift */ = {isa = PBXFileReference; fileEncoding = 4; lastKnownFileType = sourcecode.swift; path = Example4_DifferentSectionAndItemTypes.swift; sourceTree = "<group>"; };
		2768ED742428C0A30040D789 /* Example5_UIPickerView.swift */ = {isa = PBXFileReference; fileEncoding = 4; lastKnownFileType = sourcecode.swift; path = Example5_UIPickerView.swift; sourceTree = "<group>"; };
		279447D6243F5CEA00B42436 /* SingleTests.swift */ = {isa = PBXFileReference; lastKnownFileType = sourcecode.swift; path = SingleTests.swift; sourceTree = "<group>"; };
		27CC7937242AB74E00F2D1A8 /* SignalToSignalTests.swift */ = {isa = PBXFileReference; lastKnownFileType = sourcecode.swift; path = SignalToSignalTests.swift; sourceTree = "<group>"; };
		27CC948C24320C210004A127 /* PublishSubjectTests.swift */ = {isa = PBXFileReference; lastKnownFileType = sourcecode.swift; path = PublishSubjectTests.swift; sourceTree = "<group>"; };
		27E773E6241ABFA0001DC736 /* RxFun.app */ = {isa = PBXFileReference; explicitFileType = wrapper.application; includeInIndex = 0; path = RxFun.app; sourceTree = BUILT_PRODUCTS_DIR; };
		27E773E9241ABFA0001DC736 /* AppDelegate.swift */ = {isa = PBXFileReference; lastKnownFileType = sourcecode.swift; path = AppDelegate.swift; sourceTree = "<group>"; };
		27E773EB241ABFA0001DC736 /* SceneDelegate.swift */ = {isa = PBXFileReference; lastKnownFileType = sourcecode.swift; path = SceneDelegate.swift; sourceTree = "<group>"; };
		27E773ED241ABFA0001DC736 /* ViewController.swift */ = {isa = PBXFileReference; lastKnownFileType = sourcecode.swift; path = ViewController.swift; sourceTree = "<group>"; };
		27E773F0241ABFA0001DC736 /* Base */ = {isa = PBXFileReference; lastKnownFileType = file.storyboard; name = Base; path = Base.lproj/Main.storyboard; sourceTree = "<group>"; };
		27E773F2241ABFA1001DC736 /* Assets.xcassets */ = {isa = PBXFileReference; lastKnownFileType = folder.assetcatalog; path = Assets.xcassets; sourceTree = "<group>"; };
		27E773F5241ABFA1001DC736 /* Base */ = {isa = PBXFileReference; lastKnownFileType = file.storyboard; name = Base; path = Base.lproj/LaunchScreen.storyboard; sourceTree = "<group>"; };
		27E773F7241ABFA1001DC736 /* Info.plist */ = {isa = PBXFileReference; lastKnownFileType = text.plist.xml; path = Info.plist; sourceTree = "<group>"; };
		27E773FC241ABFA1001DC736 /* RxFunTests.xctest */ = {isa = PBXFileReference; explicitFileType = wrapper.cfbundle; includeInIndex = 0; path = RxFunTests.xctest; sourceTree = BUILT_PRODUCTS_DIR; };
		27E77402241ABFA1001DC736 /* Info.plist */ = {isa = PBXFileReference; lastKnownFileType = text.plist.xml; path = Info.plist; sourceTree = "<group>"; };
		27F85537244F1EFB00A9223A /* Activity.swift */ = {isa = PBXFileReference; lastKnownFileType = sourcecode.swift; path = Activity.swift; sourceTree = "<group>"; };
		27F85588244F3C5200A9223A /* ObservableType+Result.swift */ = {isa = PBXFileReference; lastKnownFileType = sourcecode.swift; path = "ObservableType+Result.swift"; sourceTree = "<group>"; };
		27F8558A244F3CC700A9223A /* ObservableToResultTests.swift */ = {isa = PBXFileReference; lastKnownFileType = sourcecode.swift; path = ObservableToResultTests.swift; sourceTree = "<group>"; };
		2F963462A3966309DB78A868 /* Pods_RxFunTests.framework */ = {isa = PBXFileReference; explicitFileType = wrapper.framework; includeInIndex = 0; path = Pods_RxFunTests.framework; sourceTree = BUILT_PRODUCTS_DIR; };
		744710EA1F9DC52D5B120A77 /* Pods_RxFun.framework */ = {isa = PBXFileReference; explicitFileType = wrapper.framework; includeInIndex = 0; path = Pods_RxFun.framework; sourceTree = BUILT_PRODUCTS_DIR; };
		8C62C6A069CAA8930C3E4F96 /* Pods-RxFunTests.debug.xcconfig */ = {isa = PBXFileReference; includeInIndex = 1; lastKnownFileType = text.xcconfig; name = "Pods-RxFunTests.debug.xcconfig"; path = "Target Support Files/Pods-RxFunTests/Pods-RxFunTests.debug.xcconfig"; sourceTree = "<group>"; };
		94F1C4DFE52C91817863744B /* Pods-RxFun.release.xcconfig */ = {isa = PBXFileReference; includeInIndex = 1; lastKnownFileType = text.xcconfig; name = "Pods-RxFun.release.xcconfig"; path = "Target Support Files/Pods-RxFun/Pods-RxFun.release.xcconfig"; sourceTree = "<group>"; };
		9E4C8EEDA72EEED7074EC012 /* Pods-RxFun.debug.xcconfig */ = {isa = PBXFileReference; includeInIndex = 1; lastKnownFileType = text.xcconfig; name = "Pods-RxFun.debug.xcconfig"; path = "Target Support Files/Pods-RxFun/Pods-RxFun.debug.xcconfig"; sourceTree = "<group>"; };
/* End PBXFileReference section */

/* Begin PBXFrameworksBuildPhase section */
		27E773E3241ABFA0001DC736 /* Frameworks */ = {
			isa = PBXFrameworksBuildPhase;
			buildActionMask = 2147483647;
			files = (
				9F707982499C12F0C000024E /* Pods_RxFun.framework in Frameworks */,
			);
			runOnlyForDeploymentPostprocessing = 0;
		};
		27E773F9241ABFA1001DC736 /* Frameworks */ = {
			isa = PBXFrameworksBuildPhase;
			buildActionMask = 2147483647;
			files = (
				B6A8F19F982A20E56422AE0D /* Pods_RxFunTests.framework in Frameworks */,
			);
			runOnlyForDeploymentPostprocessing = 0;
		};
/* End PBXFrameworksBuildPhase section */

/* Begin PBXGroup section */
		27499E252438ADC8001C799A /* OperationChain */ = {
			isa = PBXGroup;
			children = (
				27499E262438ADE2001C799A /* OperationChain.swift */,
				27499E542438AF4F001C799A /* ResultStateObservable.swift */,
				27F85537244F1EFB00A9223A /* Activity.swift */,
			);
			path = OperationChain;
			sourceTree = "<group>";
		};
		2768ED592428BEFF0040D789 /* Support */ = {
			isa = PBXGroup;
			children = (
				2768ED5C2428BF920040D789 /* NumberSection.swift */,
				2768ED5E2428BFC20040D789 /* Randomizer.swift */,
			);
			path = Support;
			sourceTree = "<group>";
		};
		2768ED602428C0A30040D789 /* RxDataSources-Example */ = {
			isa = PBXGroup;
			children = (
				2768ED592428BEFF0040D789 /* Support */,
				2768ED6D2428C0A30040D789 /* Views */,
				2768ED612428C0A30040D789 /* Example1_CustomizationUsingTableViewDelegate.swift */,
				2768ED622428C0A30040D789 /* Example3_TableViewEditing.swift */,
				2768ED632428C0A30040D789 /* Example2_RandomizedSectionsAnimation.swift */,
				2768ED722428C0A30040D789 /* Example4_DifferentSectionAndItemTypes.swift */,
				2768ED742428C0A30040D789 /* Example5_UIPickerView.swift */,
				2768ED672428C0A30040D789 /* RxDataSources.storyboard */,
			);
			path = "RxDataSources-Example";
			sourceTree = "<group>";
		};
		2768ED6D2428C0A30040D789 /* Views */ = {
			isa = PBXGroup;
			children = (
				2768ED6E2428C0A30040D789 /* ImageTitleTableViewCell.swift */,
				2768ED6F2428C0A30040D789 /* UIKitExtensions.swift */,
				2768ED702428C0A30040D789 /* TitleSteperTableViewCell.swift */,
				2768ED712428C0A30040D789 /* TitleSwitchTableViewCell.swift */,
			);
			path = Views;
			sourceTree = "<group>";
		};
		27E773DD241ABFA0001DC736 = {
			isa = PBXGroup;
			children = (
				27E773E8241ABFA0001DC736 /* RxFun */,
				27E773FF241ABFA1001DC736 /* RxFunTests */,
				27E773E7241ABFA0001DC736 /* Products */,
				8FFA10B71436DFC00EF0F6AD /* Pods */,
				3ADF64C2B7D75E0DC16CF974 /* Frameworks */,
			);
			sourceTree = "<group>";
		};
		27E773E7241ABFA0001DC736 /* Products */ = {
			isa = PBXGroup;
			children = (
				27E773E6241ABFA0001DC736 /* RxFun.app */,
				27E773FC241ABFA1001DC736 /* RxFunTests.xctest */,
			);
			name = Products;
			sourceTree = "<group>";
		};
		27E773E8241ABFA0001DC736 /* RxFun */ = {
			isa = PBXGroup;
			children = (
				27F85587244F3C3B00A9223A /* Extensions */,
				27499E252438ADC8001C799A /* OperationChain */,
				2768ED602428C0A30040D789 /* RxDataSources-Example */,
				27E773E9241ABFA0001DC736 /* AppDelegate.swift */,
				27E773EB241ABFA0001DC736 /* SceneDelegate.swift */,
				27E773ED241ABFA0001DC736 /* ViewController.swift */,
				27E773EF241ABFA0001DC736 /* Main.storyboard */,
				27E773F2241ABFA1001DC736 /* Assets.xcassets */,
				27E773F4241ABFA1001DC736 /* LaunchScreen.storyboard */,
				27E773F7241ABFA1001DC736 /* Info.plist */,
			);
			path = RxFun;
			sourceTree = "<group>";
		};
		27E773FF241ABFA1001DC736 /* RxFunTests */ = {
			isa = PBXGroup;
			children = (
				27F8558A244F3CC700A9223A /* ObservableToResultTests.swift */,
				27499E562438B2AD001C799A /* OperationChainTests.swift */,
				27CC7937242AB74E00F2D1A8 /* SignalToSignalTests.swift */,
				275F50F6242B5B3500687AC7 /* HistoryZipTests.swift */,
				27CC948C24320C210004A127 /* PublishSubjectTests.swift */,
				27674042243F1BDF001FCF27 /* ObserveOnTests.swift */,
				27674047243F5ABF001FCF27 /* DisposableTests.swift */,
				279447D6243F5CEA00B42436 /* SingleTests.swift */,
				27E77402241ABFA1001DC736 /* Info.plist */,
			);
			path = RxFunTests;
			sourceTree = "<group>";
		};
		27F85587244F3C3B00A9223A /* Extensions */ = {
			isa = PBXGroup;
			children = (
				27F85588244F3C5200A9223A /* ObservableType+Result.swift */,
			);
			path = Extensions;
			sourceTree = "<group>";
		};
		3ADF64C2B7D75E0DC16CF974 /* Frameworks */ = {
			isa = PBXGroup;
			children = (
				744710EA1F9DC52D5B120A77 /* Pods_RxFun.framework */,
				2F963462A3966309DB78A868 /* Pods_RxFunTests.framework */,
			);
			name = Frameworks;
			sourceTree = "<group>";
		};
		8FFA10B71436DFC00EF0F6AD /* Pods */ = {
			isa = PBXGroup;
			children = (
				9E4C8EEDA72EEED7074EC012 /* Pods-RxFun.debug.xcconfig */,
				94F1C4DFE52C91817863744B /* Pods-RxFun.release.xcconfig */,
				8C62C6A069CAA8930C3E4F96 /* Pods-RxFunTests.debug.xcconfig */,
				07C8B18E7DF69EE2148BE602 /* Pods-RxFunTests.release.xcconfig */,
			);
			name = Pods;
			path = ../Pods;
			sourceTree = "<group>";
		};
/* End PBXGroup section */

/* Begin PBXNativeTarget section */
		27E773E5241ABFA0001DC736 /* RxFun */ = {
			isa = PBXNativeTarget;
			buildConfigurationList = 27E77405241ABFA1001DC736 /* Build configuration list for PBXNativeTarget "RxFun" */;
			buildPhases = (
				8D4A0E8FE4FB32645502E8A5 /* [CP] Check Pods Manifest.lock */,
				27E773E2241ABFA0001DC736 /* Sources */,
				27E773E3241ABFA0001DC736 /* Frameworks */,
				27E773E4241ABFA0001DC736 /* Resources */,
				C87D70C84008F3415DD1C7F9 /* [CP] Embed Pods Frameworks */,
			);
			buildRules = (
			);
			dependencies = (
			);
			name = RxFun;
			productName = RxFun;
			productReference = 27E773E6241ABFA0001DC736 /* RxFun.app */;
			productType = "com.apple.product-type.application";
		};
		27E773FB241ABFA1001DC736 /* RxFunTests */ = {
			isa = PBXNativeTarget;
			buildConfigurationList = 27E77408241ABFA1001DC736 /* Build configuration list for PBXNativeTarget "RxFunTests" */;
			buildPhases = (
				6516A3DD98FD9851A7D04EDB /* [CP] Check Pods Manifest.lock */,
				27E773F8241ABFA1001DC736 /* Sources */,
				27E773F9241ABFA1001DC736 /* Frameworks */,
				27E773FA241ABFA1001DC736 /* Resources */,
				B1DF2A628506A7A5C5D1CB2F /* [CP] Embed Pods Frameworks */,
			);
			buildRules = (
			);
			dependencies = (
				27E773FE241ABFA1001DC736 /* PBXTargetDependency */,
			);
			name = RxFunTests;
			productName = RxFunTests;
			productReference = 27E773FC241ABFA1001DC736 /* RxFunTests.xctest */;
			productType = "com.apple.product-type.bundle.unit-test";
		};
/* End PBXNativeTarget section */

/* Begin PBXProject section */
		27E773DE241ABFA0001DC736 /* Project object */ = {
			isa = PBXProject;
			attributes = {
				LastSwiftUpdateCheck = 1130;
				LastUpgradeCheck = 1130;
				ORGANIZATIONNAME = "Joachim Kret";
				TargetAttributes = {
					27E773E5241ABFA0001DC736 = {
						CreatedOnToolsVersion = 11.3.1;
					};
					27E773FB241ABFA1001DC736 = {
						CreatedOnToolsVersion = 11.3.1;
						TestTargetID = 27E773E5241ABFA0001DC736;
					};
				};
			};
			buildConfigurationList = 27E773E1241ABFA0001DC736 /* Build configuration list for PBXProject "RxFun" */;
			compatibilityVersion = "Xcode 9.3";
			developmentRegion = en;
			hasScannedForEncodings = 0;
			knownRegions = (
				en,
				Base,
			);
			mainGroup = 27E773DD241ABFA0001DC736;
			productRefGroup = 27E773E7241ABFA0001DC736 /* Products */;
			projectDirPath = "";
			projectRoot = "";
			targets = (
				27E773E5241ABFA0001DC736 /* RxFun */,
				27E773FB241ABFA1001DC736 /* RxFunTests */,
			);
		};
/* End PBXProject section */

/* Begin PBXResourcesBuildPhase section */
		27E773E4241ABFA0001DC736 /* Resources */ = {
			isa = PBXResourcesBuildPhase;
			buildActionMask = 2147483647;
			files = (
				27E773F6241ABFA1001DC736 /* LaunchScreen.storyboard in Resources */,
				27E773F3241ABFA1001DC736 /* Assets.xcassets in Resources */,
				2768ED7A2428C0A30040D789 /* RxDataSources.storyboard in Resources */,
				27E773F1241ABFA0001DC736 /* Main.storyboard in Resources */,
			);
			runOnlyForDeploymentPostprocessing = 0;
		};
		27E773FA241ABFA1001DC736 /* Resources */ = {
			isa = PBXResourcesBuildPhase;
			buildActionMask = 2147483647;
			files = (
			);
			runOnlyForDeploymentPostprocessing = 0;
		};
/* End PBXResourcesBuildPhase section */

/* Begin PBXShellScriptBuildPhase section */
		6516A3DD98FD9851A7D04EDB /* [CP] Check Pods Manifest.lock */ = {
			isa = PBXShellScriptBuildPhase;
			buildActionMask = 2147483647;
			files = (
			);
			inputFileListPaths = (
			);
			inputPaths = (
				"${PODS_PODFILE_DIR_PATH}/Podfile.lock",
				"${PODS_ROOT}/Manifest.lock",
			);
			name = "[CP] Check Pods Manifest.lock";
			outputFileListPaths = (
			);
			outputPaths = (
				"$(DERIVED_FILE_DIR)/Pods-RxFunTests-checkManifestLockResult.txt",
			);
			runOnlyForDeploymentPostprocessing = 0;
			shellPath = /bin/sh;
			shellScript = "diff \"${PODS_PODFILE_DIR_PATH}/Podfile.lock\" \"${PODS_ROOT}/Manifest.lock\" > /dev/null\nif [ $? != 0 ] ; then\n    # print error to STDERR\n    echo \"error: The sandbox is not in sync with the Podfile.lock. Run 'pod install' or update your CocoaPods installation.\" >&2\n    exit 1\nfi\n# This output is used by Xcode 'outputs' to avoid re-running this script phase.\necho \"SUCCESS\" > \"${SCRIPT_OUTPUT_FILE_0}\"\n";
			showEnvVarsInLog = 0;
		};
		8D4A0E8FE4FB32645502E8A5 /* [CP] Check Pods Manifest.lock */ = {
			isa = PBXShellScriptBuildPhase;
			buildActionMask = 2147483647;
			files = (
			);
			inputFileListPaths = (
			);
			inputPaths = (
				"${PODS_PODFILE_DIR_PATH}/Podfile.lock",
				"${PODS_ROOT}/Manifest.lock",
			);
			name = "[CP] Check Pods Manifest.lock";
			outputFileListPaths = (
			);
			outputPaths = (
				"$(DERIVED_FILE_DIR)/Pods-RxFun-checkManifestLockResult.txt",
			);
			runOnlyForDeploymentPostprocessing = 0;
			shellPath = /bin/sh;
			shellScript = "diff \"${PODS_PODFILE_DIR_PATH}/Podfile.lock\" \"${PODS_ROOT}/Manifest.lock\" > /dev/null\nif [ $? != 0 ] ; then\n    # print error to STDERR\n    echo \"error: The sandbox is not in sync with the Podfile.lock. Run 'pod install' or update your CocoaPods installation.\" >&2\n    exit 1\nfi\n# This output is used by Xcode 'outputs' to avoid re-running this script phase.\necho \"SUCCESS\" > \"${SCRIPT_OUTPUT_FILE_0}\"\n";
			showEnvVarsInLog = 0;
		};
		B1DF2A628506A7A5C5D1CB2F /* [CP] Embed Pods Frameworks */ = {
			isa = PBXShellScriptBuildPhase;
			buildActionMask = 2147483647;
			files = (
			);
			inputFileListPaths = (
				"${PODS_ROOT}/Target Support Files/Pods-RxFunTests/Pods-RxFunTests-frameworks-${CONFIGURATION}-input-files.xcfilelist",
			);
			name = "[CP] Embed Pods Frameworks";
			outputFileListPaths = (
				"${PODS_ROOT}/Target Support Files/Pods-RxFunTests/Pods-RxFunTests-frameworks-${CONFIGURATION}-output-files.xcfilelist",
			);
			runOnlyForDeploymentPostprocessing = 0;
			shellPath = /bin/sh;
			shellScript = "\"${PODS_ROOT}/Target Support Files/Pods-RxFunTests/Pods-RxFunTests-frameworks.sh\"\n";
			showEnvVarsInLog = 0;
		};
		C87D70C84008F3415DD1C7F9 /* [CP] Embed Pods Frameworks */ = {
			isa = PBXShellScriptBuildPhase;
			buildActionMask = 2147483647;
			files = (
			);
			inputFileListPaths = (
				"${PODS_ROOT}/Target Support Files/Pods-RxFun/Pods-RxFun-frameworks-${CONFIGURATION}-input-files.xcfilelist",
			);
			name = "[CP] Embed Pods Frameworks";
			outputFileListPaths = (
				"${PODS_ROOT}/Target Support Files/Pods-RxFun/Pods-RxFun-frameworks-${CONFIGURATION}-output-files.xcfilelist",
			);
			runOnlyForDeploymentPostprocessing = 0;
			shellPath = /bin/sh;
			shellScript = "\"${PODS_ROOT}/Target Support Files/Pods-RxFun/Pods-RxFun-frameworks.sh\"\n";
			showEnvVarsInLog = 0;
		};
/* End PBXShellScriptBuildPhase section */

/* Begin PBXSourcesBuildPhase section */
		27E773E2241ABFA0001DC736 /* Sources */ = {
			isa = PBXSourcesBuildPhase;
			buildActionMask = 2147483647;
			files = (
				27F85538244F1EFB00A9223A /* Activity.swift in Sources */,
				2768ED812428C0A30040D789 /* TitleSwitchTableViewCell.swift in Sources */,
				2768ED7E2428C0A30040D789 /* ImageTitleTableViewCell.swift in Sources */,
				2768ED5D2428BF920040D789 /* NumberSection.swift in Sources */,
				2768ED772428C0A30040D789 /* Example2_RandomizedSectionsAnimation.swift in Sources */,
				2768ED802428C0A30040D789 /* TitleSteperTableViewCell.swift in Sources */,
				27E773EE241ABFA0001DC736 /* ViewController.swift in Sources */,
				27E773EA241ABFA0001DC736 /* AppDelegate.swift in Sources */,
				2768ED5F2428BFC20040D789 /* Randomizer.swift in Sources */,
				2768ED822428C0A30040D789 /* Example4_DifferentSectionAndItemTypes.swift in Sources */,
				2768ED842428C0A30040D789 /* Example5_UIPickerView.swift in Sources */,
				27E773EC241ABFA0001DC736 /* SceneDelegate.swift in Sources */,
				27499E552438AF4F001C799A /* ResultStateObservable.swift in Sources */,
				27F85589244F3C5200A9223A /* ObservableType+Result.swift in Sources */,
				2768ED752428C0A30040D789 /* Example1_CustomizationUsingTableViewDelegate.swift in Sources */,
				2768ED7F2428C0A30040D789 /* UIKitExtensions.swift in Sources */,
				27499E272438ADE2001C799A /* OperationChain.swift in Sources */,
				2768ED762428C0A30040D789 /* Example3_TableViewEditing.swift in Sources */,
			);
			runOnlyForDeploymentPostprocessing = 0;
		};
		27E773F8241ABFA1001DC736 /* Sources */ = {
			isa = PBXSourcesBuildPhase;
			buildActionMask = 2147483647;
			files = (
				275F50F7242B5B3500687AC7 /* HistoryZipTests.swift in Sources */,
				27674048243F5ABF001FCF27 /* DisposableTests.swift in Sources */,
				27F8558B244F3CC700A9223A /* ObservableToResultTests.swift in Sources */,
				27CC7938242AB74E00F2D1A8 /* SignalToSignalTests.swift in Sources */,
				27674043243F1BDF001FCF27 /* ObserveOnTests.swift in Sources */,
				279447D7243F5CEA00B42436 /* SingleTests.swift in Sources */,
				27CC948D24320C210004A127 /* PublishSubjectTests.swift in Sources */,
				27499E572438B2AD001C799A /* OperationChainTests.swift in Sources */,
			);
			runOnlyForDeploymentPostprocessing = 0;
		};
/* End PBXSourcesBuildPhase section */

/* Begin PBXTargetDependency section */
		27E773FE241ABFA1001DC736 /* PBXTargetDependency */ = {
			isa = PBXTargetDependency;
			target = 27E773E5241ABFA0001DC736 /* RxFun */;
			targetProxy = 27E773FD241ABFA1001DC736 /* PBXContainerItemProxy */;
		};
/* End PBXTargetDependency section */

/* Begin PBXVariantGroup section */
		2768ED672428C0A30040D789 /* RxDataSources.storyboard */ = {
			isa = PBXVariantGroup;
			children = (
				2768ED682428C0A30040D789 /* Base */,
			);
			name = RxDataSources.storyboard;
			sourceTree = "<group>";
		};
		27E773EF241ABFA0001DC736 /* Main.storyboard */ = {
			isa = PBXVariantGroup;
			children = (
				27E773F0241ABFA0001DC736 /* Base */,
			);
			name = Main.storyboard;
			sourceTree = "<group>";
		};
		27E773F4241ABFA1001DC736 /* LaunchScreen.storyboard */ = {
			isa = PBXVariantGroup;
			children = (
				27E773F5241ABFA1001DC736 /* Base */,
			);
			name = LaunchScreen.storyboard;
			sourceTree = "<group>";
		};
/* End PBXVariantGroup section */

/* Begin XCBuildConfiguration section */
		27E77403241ABFA1001DC736 /* Debug */ = {
			isa = XCBuildConfiguration;
			buildSettings = {
				ALWAYS_SEARCH_USER_PATHS = NO;
				CLANG_ANALYZER_NONNULL = YES;
				CLANG_ANALYZER_NUMBER_OBJECT_CONVERSION = YES_AGGRESSIVE;
				CLANG_CXX_LANGUAGE_STANDARD = "gnu++14";
				CLANG_CXX_LIBRARY = "libc++";
				CLANG_ENABLE_MODULES = YES;
				CLANG_ENABLE_OBJC_ARC = YES;
				CLANG_ENABLE_OBJC_WEAK = YES;
				CLANG_WARN_BLOCK_CAPTURE_AUTORELEASING = YES;
				CLANG_WARN_BOOL_CONVERSION = YES;
				CLANG_WARN_COMMA = YES;
				CLANG_WARN_CONSTANT_CONVERSION = YES;
				CLANG_WARN_DEPRECATED_OBJC_IMPLEMENTATIONS = YES;
				CLANG_WARN_DIRECT_OBJC_ISA_USAGE = YES_ERROR;
				CLANG_WARN_DOCUMENTATION_COMMENTS = YES;
				CLANG_WARN_EMPTY_BODY = YES;
				CLANG_WARN_ENUM_CONVERSION = YES;
				CLANG_WARN_INFINITE_RECURSION = YES;
				CLANG_WARN_INT_CONVERSION = YES;
				CLANG_WARN_NON_LITERAL_NULL_CONVERSION = YES;
				CLANG_WARN_OBJC_IMPLICIT_RETAIN_SELF = YES;
				CLANG_WARN_OBJC_LITERAL_CONVERSION = YES;
				CLANG_WARN_OBJC_ROOT_CLASS = YES_ERROR;
				CLANG_WARN_RANGE_LOOP_ANALYSIS = YES;
				CLANG_WARN_STRICT_PROTOTYPES = YES;
				CLANG_WARN_SUSPICIOUS_MOVE = YES;
				CLANG_WARN_UNGUARDED_AVAILABILITY = YES_AGGRESSIVE;
				CLANG_WARN_UNREACHABLE_CODE = YES;
				CLANG_WARN__DUPLICATE_METHOD_MATCH = YES;
				COPY_PHASE_STRIP = NO;
				DEBUG_INFORMATION_FORMAT = dwarf;
				ENABLE_STRICT_OBJC_MSGSEND = YES;
				ENABLE_TESTABILITY = YES;
				GCC_C_LANGUAGE_STANDARD = gnu11;
				GCC_DYNAMIC_NO_PIC = NO;
				GCC_NO_COMMON_BLOCKS = YES;
				GCC_OPTIMIZATION_LEVEL = 0;
				GCC_PREPROCESSOR_DEFINITIONS = (
					"DEBUG=1",
					"$(inherited)",
				);
				GCC_WARN_64_TO_32_BIT_CONVERSION = YES;
				GCC_WARN_ABOUT_RETURN_TYPE = YES_ERROR;
				GCC_WARN_UNDECLARED_SELECTOR = YES;
				GCC_WARN_UNINITIALIZED_AUTOS = YES_AGGRESSIVE;
				GCC_WARN_UNUSED_FUNCTION = YES;
				GCC_WARN_UNUSED_VARIABLE = YES;
				IPHONEOS_DEPLOYMENT_TARGET = 13.0;
				MTL_ENABLE_DEBUG_INFO = INCLUDE_SOURCE;
				MTL_FAST_MATH = YES;
				ONLY_ACTIVE_ARCH = YES;
				SDKROOT = iphoneos;
				SWIFT_ACTIVE_COMPILATION_CONDITIONS = DEBUG;
				SWIFT_OPTIMIZATION_LEVEL = "-Onone";
			};
			name = Debug;
		};
		27E77404241ABFA1001DC736 /* Release */ = {
			isa = XCBuildConfiguration;
			buildSettings = {
				ALWAYS_SEARCH_USER_PATHS = NO;
				CLANG_ANALYZER_NONNULL = YES;
				CLANG_ANALYZER_NUMBER_OBJECT_CONVERSION = YES_AGGRESSIVE;
				CLANG_CXX_LANGUAGE_STANDARD = "gnu++14";
				CLANG_CXX_LIBRARY = "libc++";
				CLANG_ENABLE_MODULES = YES;
				CLANG_ENABLE_OBJC_ARC = YES;
				CLANG_ENABLE_OBJC_WEAK = YES;
				CLANG_WARN_BLOCK_CAPTURE_AUTORELEASING = YES;
				CLANG_WARN_BOOL_CONVERSION = YES;
				CLANG_WARN_COMMA = YES;
				CLANG_WARN_CONSTANT_CONVERSION = YES;
				CLANG_WARN_DEPRECATED_OBJC_IMPLEMENTATIONS = YES;
				CLANG_WARN_DIRECT_OBJC_ISA_USAGE = YES_ERROR;
				CLANG_WARN_DOCUMENTATION_COMMENTS = YES;
				CLANG_WARN_EMPTY_BODY = YES;
				CLANG_WARN_ENUM_CONVERSION = YES;
				CLANG_WARN_INFINITE_RECURSION = YES;
				CLANG_WARN_INT_CONVERSION = YES;
				CLANG_WARN_NON_LITERAL_NULL_CONVERSION = YES;
				CLANG_WARN_OBJC_IMPLICIT_RETAIN_SELF = YES;
				CLANG_WARN_OBJC_LITERAL_CONVERSION = YES;
				CLANG_WARN_OBJC_ROOT_CLASS = YES_ERROR;
				CLANG_WARN_RANGE_LOOP_ANALYSIS = YES;
				CLANG_WARN_STRICT_PROTOTYPES = YES;
				CLANG_WARN_SUSPICIOUS_MOVE = YES;
				CLANG_WARN_UNGUARDED_AVAILABILITY = YES_AGGRESSIVE;
				CLANG_WARN_UNREACHABLE_CODE = YES;
				CLANG_WARN__DUPLICATE_METHOD_MATCH = YES;
				COPY_PHASE_STRIP = NO;
				DEBUG_INFORMATION_FORMAT = "dwarf-with-dsym";
				ENABLE_NS_ASSERTIONS = NO;
				ENABLE_STRICT_OBJC_MSGSEND = YES;
				GCC_C_LANGUAGE_STANDARD = gnu11;
				GCC_NO_COMMON_BLOCKS = YES;
				GCC_WARN_64_TO_32_BIT_CONVERSION = YES;
				GCC_WARN_ABOUT_RETURN_TYPE = YES_ERROR;
				GCC_WARN_UNDECLARED_SELECTOR = YES;
				GCC_WARN_UNINITIALIZED_AUTOS = YES_AGGRESSIVE;
				GCC_WARN_UNUSED_FUNCTION = YES;
				GCC_WARN_UNUSED_VARIABLE = YES;
				IPHONEOS_DEPLOYMENT_TARGET = 13.0;
				MTL_ENABLE_DEBUG_INFO = NO;
				MTL_FAST_MATH = YES;
				SDKROOT = iphoneos;
				SWIFT_COMPILATION_MODE = wholemodule;
				SWIFT_OPTIMIZATION_LEVEL = "-O";
				VALIDATE_PRODUCT = YES;
			};
			name = Release;
		};
		27E77406241ABFA1001DC736 /* Debug */ = {
			isa = XCBuildConfiguration;
			baseConfigurationReference = 9E4C8EEDA72EEED7074EC012 /* Pods-RxFun.debug.xcconfig */;
			buildSettings = {
				ASSETCATALOG_COMPILER_APPICON_NAME = AppIcon;
				CODE_SIGN_STYLE = Automatic;
				INFOPLIST_FILE = RxFun/Info.plist;
				LD_RUNPATH_SEARCH_PATHS = (
					"$(inherited)",
					"@executable_path/Frameworks",
				);
				PRODUCT_BUNDLE_IDENTIFIER = JK.RxFun;
				PRODUCT_NAME = "$(TARGET_NAME)";
				SWIFT_VERSION = 5.0;
				TARGETED_DEVICE_FAMILY = "1,2";
			};
			name = Debug;
		};
		27E77407241ABFA1001DC736 /* Release */ = {
			isa = XCBuildConfiguration;
			baseConfigurationReference = 94F1C4DFE52C91817863744B /* Pods-RxFun.release.xcconfig */;
			buildSettings = {
				ASSETCATALOG_COMPILER_APPICON_NAME = AppIcon;
				CODE_SIGN_STYLE = Automatic;
				INFOPLIST_FILE = RxFun/Info.plist;
				LD_RUNPATH_SEARCH_PATHS = (
					"$(inherited)",
					"@executable_path/Frameworks",
				);
				PRODUCT_BUNDLE_IDENTIFIER = JK.RxFun;
				PRODUCT_NAME = "$(TARGET_NAME)";
				SWIFT_VERSION = 5.0;
				TARGETED_DEVICE_FAMILY = "1,2";
			};
			name = Release;
		};
		27E77409241ABFA1001DC736 /* Debug */ = {
			isa = XCBuildConfiguration;
			baseConfigurationReference = 8C62C6A069CAA8930C3E4F96 /* Pods-RxFunTests.debug.xcconfig */;
			buildSettings = {
				BUNDLE_LOADER = "$(TEST_HOST)";
				CODE_SIGN_STYLE = Automatic;
				INFOPLIST_FILE = RxFunTests/Info.plist;
				IPHONEOS_DEPLOYMENT_TARGET = 13.2;
				LD_RUNPATH_SEARCH_PATHS = (
					"$(inherited)",
					"@executable_path/Frameworks",
					"@loader_path/Frameworks",
				);
				PRODUCT_BUNDLE_IDENTIFIER = JK.RxFunTests;
				PRODUCT_NAME = "$(TARGET_NAME)";
				SWIFT_VERSION = 5.0;
				TARGETED_DEVICE_FAMILY = "1,2";
				TEST_HOST = "$(BUILT_PRODUCTS_DIR)/RxFun.app/RxFun";
			};
			name = Debug;
		};
		27E7740A241ABFA1001DC736 /* Release */ = {
			isa = XCBuildConfiguration;
			baseConfigurationReference = 07C8B18E7DF69EE2148BE602 /* Pods-RxFunTests.release.xcconfig */;
			buildSettings = {
				BUNDLE_LOADER = "$(TEST_HOST)";
				CODE_SIGN_STYLE = Automatic;
				INFOPLIST_FILE = RxFunTests/Info.plist;
				IPHONEOS_DEPLOYMENT_TARGET = 13.2;
				LD_RUNPATH_SEARCH_PATHS = (
					"$(inherited)",
					"@executable_path/Frameworks",
					"@loader_path/Frameworks",
				);
				PRODUCT_BUNDLE_IDENTIFIER = JK.RxFunTests;
				PRODUCT_NAME = "$(TARGET_NAME)";
				SWIFT_VERSION = 5.0;
				TARGETED_DEVICE_FAMILY = "1,2";
				TEST_HOST = "$(BUILT_PRODUCTS_DIR)/RxFun.app/RxFun";
			};
			name = Release;
		};
/* End XCBuildConfiguration section */

/* Begin XCConfigurationList section */
		27E773E1241ABFA0001DC736 /* Build configuration list for PBXProject "RxFun" */ = {
			isa = XCConfigurationList;
			buildConfigurations = (
				27E77403241ABFA1001DC736 /* Debug */,
				27E77404241ABFA1001DC736 /* Release */,
			);
			defaultConfigurationIsVisible = 0;
			defaultConfigurationName = Release;
		};
		27E77405241ABFA1001DC736 /* Build configuration list for PBXNativeTarget "RxFun" */ = {
			isa = XCConfigurationList;
			buildConfigurations = (
				27E77406241ABFA1001DC736 /* Debug */,
				27E77407241ABFA1001DC736 /* Release */,
			);
			defaultConfigurationIsVisible = 0;
			defaultConfigurationName = Release;
		};
		27E77408241ABFA1001DC736 /* Build configuration list for PBXNativeTarget "RxFunTests" */ = {
			isa = XCConfigurationList;
			buildConfigurations = (
				27E77409241ABFA1001DC736 /* Debug */,
				27E7740A241ABFA1001DC736 /* Release */,
			);
			defaultConfigurationIsVisible = 0;
			defaultConfigurationName = Release;
		};
/* End XCConfigurationList section */
	};
	rootObject = 27E773DE241ABFA0001DC736 /* Project object */;
}
